
Microsoft Visual Studio Solution File, Format Version 12.00
# Visual Studio Version 17
VisualStudioVersion = 17.11.35222.181
MinimumVisualStudioVersion = 10.0.40219.1
Project("{FAE04EC0-301F-11D3-BF4B-00C04F79EFBC}") = "WpfApp4", "WpfApp4.csproj", "{3414F7B4-BD09-42AD-95FF-1220A5446ED5}"
EndProject
Global
	GlobalSection(SolutionConfigurationPlatforms) = preSolution
		Debug|Any CPU = Debug|Any CPU
		Release|Any CPU = Release|Any CPU
	EndGlobalSection
	GlobalSection(ProjectConfigurationPlatforms) = postSolution
		{3414F7B4-BD09-42AD-95FF-1220A5446ED5}.Debug|Any CPU.ActiveCfg = Debug|Any CPU
		{3414F7B4-BD09-42AD-95FF-1220A5446ED5}.Debug|Any CPU.Build.0 = Debug|Any CPU
		{3414F7B4-BD09-42AD-95FF-1220A5446ED5}.Release|Any CPU.ActiveCfg = Release|Any CPU
		{3414F7B4-BD09-42AD-95FF-1220A5446ED5}.Release|Any CPU.Build.0 = Release|Any CPU
	EndGlobalSection
	GlobalSection(SolutionProperties) = preSolution
		HideSolutionNode = FALSE
	EndGlobalSection
	GlobalSection(ExtensibilityGlobals) = postSolution
		SolutionGuid = {55019B56-0319-4627-8AD6-E529CB7BC757}
	EndGlobalSection
EndGlobal
